
Microsoft Visual Studio Solution File, Format Version 12.00
# Visual Studio Version 16
VisualStudioVersion = 16.0.30413.136
MinimumVisualStudioVersion = 10.0.40219.1
Project("{9A19103F-16F7-4668-BE54-9A1E7A4F7556}") = "AWSSDKTest", "AWSSDKTest\AWSSDKTest.csproj", "{335B2FE9-5C29-417A-9FC5-7ABD2319613C}"
EndProject
Project("{2150E333-8FDC-42A3-9474-1A3956D46DE8}") = "Solution Items", "Solution Items", "{D46D7A38-3E02-4637-B8FD-AA87B432340C}"
	ProjectSection(SolutionItems) = preProject
		ReadMe.md = ReadMe.md
	EndProjectSection
EndProject
Global
	GlobalSection(SolutionConfigurationPlatforms) = preSolution
		Debug|Any CPU = Debug|Any CPU
		Release|Any CPU = Release|Any CPU
	EndGlobalSection
	GlobalSection(ProjectConfigurationPlatforms) = postSolution
		{335B2FE9-5C29-417A-9FC5-7ABD2319613C}.Debug|Any CPU.ActiveCfg = Debug|Any CPU
		{335B2FE9-5C29-417A-9FC5-7ABD2319613C}.Debug|Any CPU.Build.0 = Debug|Any CPU
		{335B2FE9-5C29-417A-9FC5-7ABD2319613C}.Release|Any CPU.ActiveCfg = Release|Any CPU
		{335B2FE9-5C29-417A-9FC5-7ABD2319613C}.Release|Any CPU.Build.0 = Release|Any CPU
	EndGlobalSection
	GlobalSection(SolutionProperties) = preSolution
		HideSolutionNode = FALSE
	EndGlobalSection
	GlobalSection(ExtensibilityGlobals) = postSolution
		SolutionGuid = {57233334-CCA4-48F4-8E28-7FD60F05463C}
	EndGlobalSection
EndGlobal
